
Microsoft Visual Studio Solution File, Format Version 12.00
Project("{FAE04EC0-301F-11D3-BF4B-00C04F79EFBC}") = "Sanctuary.Census.ClientData", "Sanctuary.Census.ClientData\Sanctuary.Census.ClientData.csproj", "{5E625CD9-6E4F-483D-A966-11A3100DAABC}"
EndProject
Project("{FAE04EC0-301F-11D3-BF4B-00C04F79EFBC}") = "Sanctuary.Census.Common", "Sanctuary.Census.Common\Sanctuary.Census.Common.csproj", "{36A0DB4F-62E7-4154-B7BF-74C0E4A18D07}"
EndProject
Project("{FAE04EC0-301F-11D3-BF4B-00C04F79EFBC}") = "Sanctuary.Census.Api", "Sanctuary.Census.Api\Sanctuary.Census.Api.csproj", "{F776D411-5CD6-4D17-B8DB-AA728E170349}"
EndProject
Project("{2150E333-8FDC-42A3-9474-1A3956D46DE8}") = "Tests", "Tests", "{31F4FD0F-3EA6-44E0-8CD9-1B019984FE13}"
	ProjectSection(SolutionItems) = preProject
		Tests\Directory.Build.props = Tests\Directory.Build.props
	EndProjectSection
EndProject
Project("{FAE04EC0-301F-11D3-BF4B-00C04F79EFBC}") = "Sanctuary.Census.ClientData.Tests", "Tests\Sanctuary.Census.ClientData.Tests\Sanctuary.Census.ClientData.Tests.csproj", "{37D863F7-8D18-4D78-B91E-520F3CAEB613}"
EndProject
Project("{FAE04EC0-301F-11D3-BF4B-00C04F79EFBC}") = "Sanctuary.Census.ServerData.Internal", "Sanctuary.Census.ServerData.Internal\Sanctuary.Census.ServerData.Internal.csproj", "{86D2A67D-1120-425D-8064-E51AD3370711}"
EndProject
Project("{FAE04EC0-301F-11D3-BF4B-00C04F79EFBC}") = "Sanctuary.Census.PatchData", "Sanctuary.Census.PatchData\Sanctuary.Census.PatchData.csproj", "{51C265A6-13A1-4773-B768-C762723C4A26}"
EndProject
Project("{FAE04EC0-301F-11D3-BF4B-00C04F79EFBC}") = "Sanctuary.Census.SourceGeneration", "Sanctuary.Census.SourceGeneration\Sanctuary.Census.SourceGeneration.csproj", "{562552B0-B984-40E6-A14D-6B573A41EAA5}"
EndProject
Project("{FAE04EC0-301F-11D3-BF4B-00C04F79EFBC}") = "Sanctuary.Census.Builder", "Sanctuary.Census.Builder\Sanctuary.Census.Builder.csproj", "{7A83D85F-0B01-4619-8FAD-7D481970283A}"
EndProject
Project("{FAE04EC0-301F-11D3-BF4B-00C04F79EFBC}") = "Sanctuary.Census.RealtimeHub", "Sanctuary.Census.RealtimeHub\Sanctuary.Census.RealtimeHub.csproj", "{5ABFD4B4-026A-46FF-8BB1-8E6430A31AF3}"
EndProject
Project("{FAE04EC0-301F-11D3-BF4B-00C04F79EFBC}") = "Sanctuary.Census.RealtimeCollector", "Sanctuary.Census.RealtimeCollector\Sanctuary.Census.RealtimeCollector.csproj", "{9433C288-5D01-4F60-BC12-B0947EA69125}"
EndProject
Project("{2150E333-8FDC-42A3-9474-1A3956D46DE8}") = "Solution Items", "Solution Items", "{38CB18B8-5CF6-4B8B-BBE8-7E7C8A227DF0}"
	ProjectSection(SolutionItems) = preProject
		docker-compose.yml = docker-compose.yml
		.editorconfig = .editorconfig
		Directory.Build.props = Directory.Build.props
	EndProjectSection
EndProject
Project("{FAE04EC0-301F-11D3-BF4B-00C04F79EFBC}") = "Sanctuary.Census.ClientSniffer", "Sanctuary.Census.ClientSniffer\Sanctuary.Census.ClientSniffer.csproj", "{3277E8E3-AAE6-404C-8C35-2FADA9F846C3}"
EndProject
Global
	GlobalSection(SolutionConfigurationPlatforms) = preSolution
		Debug|Any CPU = Debug|Any CPU
		Release|Any CPU = Release|Any CPU
	EndGlobalSection
	GlobalSection(ProjectConfigurationPlatforms) = postSolution
		{5E625CD9-6E4F-483D-A966-11A3100DAABC}.Debug|Any CPU.ActiveCfg = Debug|Any CPU
		{5E625CD9-6E4F-483D-A966-11A3100DAABC}.Debug|Any CPU.Build.0 = Debug|Any CPU
		{5E625CD9-6E4F-483D-A966-11A3100DAABC}.Release|Any CPU.ActiveCfg = Release|Any CPU
		{5E625CD9-6E4F-483D-A966-11A3100DAABC}.Release|Any CPU.Build.0 = Release|Any CPU
		{36A0DB4F-62E7-4154-B7BF-74C0E4A18D07}.Debug|Any CPU.ActiveCfg = Debug|Any CPU
		{36A0DB4F-62E7-4154-B7BF-74C0E4A18D07}.Debug|Any CPU.Build.0 = Debug|Any CPU
		{36A0DB4F-62E7-4154-B7BF-74C0E4A18D07}.Release|Any CPU.ActiveCfg = Release|Any CPU
		{36A0DB4F-62E7-4154-B7BF-74C0E4A18D07}.Release|Any CPU.Build.0 = Release|Any CPU
		{F776D411-5CD6-4D17-B8DB-AA728E170349}.Debug|Any CPU.ActiveCfg = Debug|Any CPU
		{F776D411-5CD6-4D17-B8DB-AA728E170349}.Debug|Any CPU.Build.0 = Debug|Any CPU
		{F776D411-5CD6-4D17-B8DB-AA728E170349}.Release|Any CPU.ActiveCfg = Release|Any CPU
		{F776D411-5CD6-4D17-B8DB-AA728E170349}.Release|Any CPU.Build.0 = Release|Any CPU
		{37D863F7-8D18-4D78-B91E-520F3CAEB613}.Debug|Any CPU.ActiveCfg = Debug|Any CPU
		{37D863F7-8D18-4D78-B91E-520F3CAEB613}.Debug|Any CPU.Build.0 = Debug|Any CPU
		{37D863F7-8D18-4D78-B91E-520F3CAEB613}.Release|Any CPU.ActiveCfg = Release|Any CPU
		{37D863F7-8D18-4D78-B91E-520F3CAEB613}.Release|Any CPU.Build.0 = Release|Any CPU
		{86D2A67D-1120-425D-8064-E51AD3370711}.Debug|Any CPU.ActiveCfg = Debug|Any CPU
		{86D2A67D-1120-425D-8064-E51AD3370711}.Debug|Any CPU.Build.0 = Debug|Any CPU
		{86D2A67D-1120-425D-8064-E51AD3370711}.Release|Any CPU.ActiveCfg = Release|Any CPU
		{86D2A67D-1120-425D-8064-E51AD3370711}.Release|Any CPU.Build.0 = Release|Any CPU
		{51C265A6-13A1-4773-B768-C762723C4A26}.Debug|Any CPU.ActiveCfg = Debug|Any CPU
		{51C265A6-13A1-4773-B768-C762723C4A26}.Debug|Any CPU.Build.0 = Debug|Any CPU
		{51C265A6-13A1-4773-B768-C762723C4A26}.Release|Any CPU.ActiveCfg = Release|Any CPU
		{51C265A6-13A1-4773-B768-C762723C4A26}.Release|Any CPU.Build.0 = Release|Any CPU
		{562552B0-B984-40E6-A14D-6B573A41EAA5}.Debug|Any CPU.ActiveCfg = Debug|Any CPU
		{562552B0-B984-40E6-A14D-6B573A41EAA5}.Debug|Any CPU.Build.0 = Debug|Any CPU
		{562552B0-B984-40E6-A14D-6B573A41EAA5}.Release|Any CPU.ActiveCfg = Release|Any CPU
		{562552B0-B984-40E6-A14D-6B573A41EAA5}.Release|Any CPU.Build.0 = Release|Any CPU
		{7A83D85F-0B01-4619-8FAD-7D481970283A}.Debug|Any CPU.ActiveCfg = Debug|Any CPU
		{7A83D85F-0B01-4619-8FAD-7D481970283A}.Debug|Any CPU.Build.0 = Debug|Any CPU
		{7A83D85F-0B01-4619-8FAD-7D481970283A}.Release|Any CPU.ActiveCfg = Release|Any CPU
		{7A83D85F-0B01-4619-8FAD-7D481970283A}.Release|Any CPU.Build.0 = Release|Any CPU
		{5ABFD4B4-026A-46FF-8BB1-8E6430A31AF3}.Debug|Any CPU.ActiveCfg = Debug|Any CPU
		{5ABFD4B4-026A-46FF-8BB1-8E6430A31AF3}.Debug|Any CPU.Build.0 = Debug|Any CPU
		{5ABFD4B4-026A-46FF-8BB1-8E6430A31AF3}.Release|Any CPU.ActiveCfg = Release|Any CPU
		{5ABFD4B4-026A-46FF-8BB1-8E6430A31AF3}.Release|Any CPU.Build.0 = Release|Any CPU
		{9433C288-5D01-4F60-BC12-B0947EA69125}.Debug|Any CPU.ActiveCfg = Debug|Any CPU
		{9433C288-5D01-4F60-BC12-B0947EA69125}.Debug|Any CPU.Build.0 = Debug|Any CPU
		{9433C288-5D01-4F60-BC12-B0947EA69125}.Release|Any CPU.ActiveCfg = Release|Any CPU
		{9433C288-5D01-4F60-BC12-B0947EA69125}.Release|Any CPU.Build.0 = Release|Any CPU
		{3277E8E3-AAE6-404C-8C35-2FADA9F846C3}.Debug|Any CPU.ActiveCfg = Debug|Any CPU
		{3277E8E3-AAE6-404C-8C35-2FADA9F846C3}.Debug|Any CPU.Build.0 = Debug|Any CPU
		{3277E8E3-AAE6-404C-8C35-2FADA9F846C3}.Release|Any CPU.ActiveCfg = Release|Any CPU
		{3277E8E3-AAE6-404C-8C35-2FADA9F846C3}.Release|Any CPU.Build.0 = Release|Any CPU
	EndGlobalSection
	GlobalSection(NestedProjects) = preSolution
		{37D863F7-8D18-4D78-B91E-520F3CAEB613} = {31F4FD0F-3EA6-44E0-8CD9-1B019984FE13}
	EndGlobalSection
EndGlobal
